
Microsoft Visual Studio Solution File, Format Version 12.00
# Visual Studio 15
VisualStudioVersion = 15.0.28307.1082
MinimumVisualStudioVersion = 10.0.40219.1
Project("{FAE04EC0-301F-11D3-BF4B-00C04F79EFBC}") = "GUI", "GUI\GUI.csproj", "{E3D959F7-E46E-49D5-AFE7-D73367F1BC28}"
EndProject
Project("{FAE04EC0-301F-11D3-BF4B-00C04F79EFBC}") = "DTO", "DTO\DTO.csproj", "{E50BC279-5766-4032-822B-749F58EA7C9D}"
EndProject
Project("{FAE04EC0-301F-11D3-BF4B-00C04F79EFBC}") = "DAO", "DAO\DAO.csproj", "{198D88D4-947A-472C-A0CD-2D377C259900}"
EndProject
Project("{FAE04EC0-301F-11D3-BF4B-00C04F79EFBC}") = "BUS", "BUS\BUS.csproj", "{3137B0B1-EE73-4F23-AABC-39C6B2D383A5}"
EndProject
Global
	GlobalSection(SolutionConfigurationPlatforms) = preSolution
		Debug|Any CPU = Debug|Any CPU
		Release|Any CPU = Release|Any CPU
	EndGlobalSection
	GlobalSection(ProjectConfigurationPlatforms) = postSolution
		{E3D959F7-E46E-49D5-AFE7-D73367F1BC28}.Debug|Any CPU.ActiveCfg = Debug|Any CPU
		{E3D959F7-E46E-49D5-AFE7-D73367F1BC28}.Debug|Any CPU.Build.0 = Debug|Any CPU
		{E3D959F7-E46E-49D5-AFE7-D73367F1BC28}.Release|Any CPU.ActiveCfg = Release|Any CPU
		{E3D959F7-E46E-49D5-AFE7-D73367F1BC28}.Release|Any CPU.Build.0 = Release|Any CPU
		{E50BC279-5766-4032-822B-749F58EA7C9D}.Debug|Any CPU.ActiveCfg = Debug|Any CPU
		{E50BC279-5766-4032-822B-749F58EA7C9D}.Debug|Any CPU.Build.0 = Debug|Any CPU
		{E50BC279-5766-4032-822B-749F58EA7C9D}.Release|Any CPU.ActiveCfg = Release|Any CPU
		{E50BC279-5766-4032-822B-749F58EA7C9D}.Release|Any CPU.Build.0 = Release|Any CPU
		{198D88D4-947A-472C-A0CD-2D377C259900}.Debug|Any CPU.ActiveCfg = Debug|Any CPU
		{198D88D4-947A-472C-A0CD-2D377C259900}.Debug|Any CPU.Build.0 = Debug|Any CPU
		{198D88D4-947A-472C-A0CD-2D377C259900}.Release|Any CPU.ActiveCfg = Release|Any CPU
		{198D88D4-947A-472C-A0CD-2D377C259900}.Release|Any CPU.Build.0 = Release|Any CPU
		{3137B0B1-EE73-4F23-AABC-39C6B2D383A5}.Debug|Any CPU.ActiveCfg = Debug|Any CPU
		{3137B0B1-EE73-4F23-AABC-39C6B2D383A5}.Debug|Any CPU.Build.0 = Debug|Any CPU
		{3137B0B1-EE73-4F23-AABC-39C6B2D383A5}.Release|Any CPU.ActiveCfg = Release|Any CPU
		{3137B0B1-EE73-4F23-AABC-39C6B2D383A5}.Release|Any CPU.Build.0 = Release|Any CPU
	EndGlobalSection
	GlobalSection(SolutionProperties) = preSolution
		HideSolutionNode = FALSE
	EndGlobalSection
	GlobalSection(ExtensibilityGlobals) = postSolution
		SolutionGuid = {3156EB7B-147E-4BDF-AB12-83DAA238A232}
	EndGlobalSection
EndGlobal
